# Generated by buf. DO NOT EDIT.
version: v2
deps:
  - name: buf.build/googleapis/googleapis
    commit: c17df5b2beca46928cc87d5656bd5343
    digest: b5:648a01e0170d4512dea7d564016165decd1ed6e34bef79fe54753e51ad7e27545709ad9157d7551270147d551155c595a2fb0bf5bb33b1c83040ddbce915c604
  - name: buf.build/the-protobuf-project/store
    commit: 3b33f4e97a3b465c8d29d119608d2092
    digest: b5:83225e7ec350bb6661270ac748538cfe9b44ca9377cf203df28990dfe90e9cb4693d329c8aacf8c5b04f57975a48cfb7811f516d46b4307914f24863445b0128
